
Microsoft Visual Studio Solution File, Format Version 12.00
# Visual Studio Version 17
VisualStudioVersion = 17.3.32929.385
MinimumVisualStudioVersion = 10.0.40219.1
Project("{2150E333-8FDC-42A3-9474-1A3956D46DE8}") = "Web", "Web", "{CB5C4452-A084-4D45-BCEB-D19E32111CBF}"
EndProject
Project("{9A19103F-16F7-4668-BE54-9A1E7A4F7556}") = "UI", "Web\UI\UI.csproj", "{823F27D9-3273-4A1F-8150-DE27BE8D14F6}"
EndProject
Project("{2150E333-8FDC-42A3-9474-1A3956D46DE8}") = "Services", "Services", "{9D7D0716-745A-43CD-BC21-133619AFBA09}"
EndProject
Project("{2150E333-8FDC-42A3-9474-1A3956D46DE8}") = "Recipes", "Recipes", "{B5AA5DD2-4F81-4C0A-A1CF-795A4547C313}"
EndProject
Project("{9A19103F-16F7-4668-BE54-9A1E7A4F7556}") = "Application", "Services\Recipes\Application\Application.csproj", "{4C77D764-288A-4D7F-A81E-C8B2C6C960CC}"
EndProject
Project("{9A19103F-16F7-4668-BE54-9A1E7A4F7556}") = "Domain", "Services\Recipes\Domain\Domain.csproj", "{25251C69-092D-4099-B10F-B66102A94F8B}"
EndProject
Project("{2150E333-8FDC-42A3-9474-1A3956D46DE8}") = "Web", "Web", "{10F6C954-DDA5-4974-891E-2E58AAFBED57}"
EndProject
Project("{9A19103F-16F7-4668-BE54-9A1E7A4F7556}") = "Serverless.Azure", "Services\Recipes\Web\Serverless.Azure\Serverless.Azure.csproj", "{3EECC9DB-CDF9-4CF6-9FD9-50497673BCE5}"
EndProject
Project("{9A19103F-16F7-4668-BE54-9A1E7A4F7556}") = "Infrastructure", "Services\Recipes\Infrastructure\Infrastructure.csproj", "{9B7CEA4F-7E17-487D-801D-AC931C6D4683}"
EndProject
Project("{9A19103F-16F7-4668-BE54-9A1E7A4F7556}") = "OnlyForAddingMigrations", "OnlyForAddingMigrations\OnlyForAddingMigrations.csproj", "{3C76D7DD-EBA6-41C0-8BCE-796824FDE1EB}"
EndProject
Project("{2150E333-8FDC-42A3-9474-1A3956D46DE8}") = "Files", "Files", "{0DBE9D21-3065-4031-BD2E-7B626AC7A9F6}"
EndProject
Project("{2150E333-8FDC-42A3-9474-1A3956D46DE8}") = "Web", "Web", "{0E23DFE2-B4EC-4403-A47A-0F77119B2F74}"
EndProject
Project("{FAE04EC0-301F-11D3-BF4B-00C04F79EFBC}") = "Application", "Services\Files\Application\Application.csproj", "{21A269C8-DBC0-4C86-AE3F-8B70DDC0AA29}"
EndProject
Project("{FAE04EC0-301F-11D3-BF4B-00C04F79EFBC}") = "Infrastructure", "Services\Files\Infrastructure\Infrastructure.csproj", "{626AB899-0636-4E7A-8727-3741C451412A}"
EndProject
Project("{FAE04EC0-301F-11D3-BF4B-00C04F79EFBC}") = "Domain", "Services\Files\Domain\Domain.csproj", "{A3020574-1E77-4FCF-AF6A-51FE24CF559C}"
EndProject
Project("{FAE04EC0-301F-11D3-BF4B-00C04F79EFBC}") = "Serverless.Azure", "Services\Files\Web\Serverless.Azure\Serverless.Azure.csproj", "{EC6D7C4F-3359-43E3-B83D-F1CFC06CE477}"
EndProject
Global
	GlobalSection(SolutionConfigurationPlatforms) = preSolution
		Debug|Any CPU = Debug|Any CPU
		Release|Any CPU = Release|Any CPU
	EndGlobalSection
	GlobalSection(ProjectConfigurationPlatforms) = postSolution
		{823F27D9-3273-4A1F-8150-DE27BE8D14F6}.Debug|Any CPU.ActiveCfg = Debug|Any CPU
		{823F27D9-3273-4A1F-8150-DE27BE8D14F6}.Debug|Any CPU.Build.0 = Debug|Any CPU
		{823F27D9-3273-4A1F-8150-DE27BE8D14F6}.Release|Any CPU.ActiveCfg = Release|Any CPU
		{823F27D9-3273-4A1F-8150-DE27BE8D14F6}.Release|Any CPU.Build.0 = Release|Any CPU
		{4C77D764-288A-4D7F-A81E-C8B2C6C960CC}.Debug|Any CPU.ActiveCfg = Debug|Any CPU
		{4C77D764-288A-4D7F-A81E-C8B2C6C960CC}.Debug|Any CPU.Build.0 = Debug|Any CPU
		{4C77D764-288A-4D7F-A81E-C8B2C6C960CC}.Release|Any CPU.ActiveCfg = Release|Any CPU
		{4C77D764-288A-4D7F-A81E-C8B2C6C960CC}.Release|Any CPU.Build.0 = Release|Any CPU
		{25251C69-092D-4099-B10F-B66102A94F8B}.Debug|Any CPU.ActiveCfg = Debug|Any CPU
		{25251C69-092D-4099-B10F-B66102A94F8B}.Debug|Any CPU.Build.0 = Debug|Any CPU
		{25251C69-092D-4099-B10F-B66102A94F8B}.Release|Any CPU.ActiveCfg = Release|Any CPU
		{25251C69-092D-4099-B10F-B66102A94F8B}.Release|Any CPU.Build.0 = Release|Any CPU
		{3EECC9DB-CDF9-4CF6-9FD9-50497673BCE5}.Debug|Any CPU.ActiveCfg = Debug|Any CPU
		{3EECC9DB-CDF9-4CF6-9FD9-50497673BCE5}.Debug|Any CPU.Build.0 = Debug|Any CPU
		{3EECC9DB-CDF9-4CF6-9FD9-50497673BCE5}.Release|Any CPU.ActiveCfg = Release|Any CPU
		{3EECC9DB-CDF9-4CF6-9FD9-50497673BCE5}.Release|Any CPU.Build.0 = Release|Any CPU
		{9B7CEA4F-7E17-487D-801D-AC931C6D4683}.Debug|Any CPU.ActiveCfg = Debug|Any CPU
		{9B7CEA4F-7E17-487D-801D-AC931C6D4683}.Debug|Any CPU.Build.0 = Debug|Any CPU
		{9B7CEA4F-7E17-487D-801D-AC931C6D4683}.Release|Any CPU.ActiveCfg = Release|Any CPU
		{9B7CEA4F-7E17-487D-801D-AC931C6D4683}.Release|Any CPU.Build.0 = Release|Any CPU
		{3C76D7DD-EBA6-41C0-8BCE-796824FDE1EB}.Debug|Any CPU.ActiveCfg = Debug|Any CPU
		{3C76D7DD-EBA6-41C0-8BCE-796824FDE1EB}.Debug|Any CPU.Build.0 = Debug|Any CPU
		{3C76D7DD-EBA6-41C0-8BCE-796824FDE1EB}.Release|Any CPU.ActiveCfg = Release|Any CPU
		{3C76D7DD-EBA6-41C0-8BCE-796824FDE1EB}.Release|Any CPU.Build.0 = Release|Any CPU
		{21A269C8-DBC0-4C86-AE3F-8B70DDC0AA29}.Debug|Any CPU.ActiveCfg = Debug|Any CPU
		{21A269C8-DBC0-4C86-AE3F-8B70DDC0AA29}.Debug|Any CPU.Build.0 = Debug|Any CPU
		{21A269C8-DBC0-4C86-AE3F-8B70DDC0AA29}.Release|Any CPU.ActiveCfg = Release|Any CPU
		{21A269C8-DBC0-4C86-AE3F-8B70DDC0AA29}.Release|Any CPU.Build.0 = Release|Any CPU
		{626AB899-0636-4E7A-8727-3741C451412A}.Debug|Any CPU.ActiveCfg = Debug|Any CPU
		{626AB899-0636-4E7A-8727-3741C451412A}.Debug|Any CPU.Build.0 = Debug|Any CPU
		{626AB899-0636-4E7A-8727-3741C451412A}.Release|Any CPU.ActiveCfg = Release|Any CPU
		{626AB899-0636-4E7A-8727-3741C451412A}.Release|Any CPU.Build.0 = Release|Any CPU
		{A3020574-1E77-4FCF-AF6A-51FE24CF559C}.Debug|Any CPU.ActiveCfg = Debug|Any CPU
		{A3020574-1E77-4FCF-AF6A-51FE24CF559C}.Debug|Any CPU.Build.0 = Debug|Any CPU
		{A3020574-1E77-4FCF-AF6A-51FE24CF559C}.Release|Any CPU.ActiveCfg = Release|Any CPU
		{A3020574-1E77-4FCF-AF6A-51FE24CF559C}.Release|Any CPU.Build.0 = Release|Any CPU
		{EC6D7C4F-3359-43E3-B83D-F1CFC06CE477}.Debug|Any CPU.ActiveCfg = Debug|Any CPU
		{EC6D7C4F-3359-43E3-B83D-F1CFC06CE477}.Debug|Any CPU.Build.0 = Debug|Any CPU
		{EC6D7C4F-3359-43E3-B83D-F1CFC06CE477}.Release|Any CPU.ActiveCfg = Release|Any CPU
		{EC6D7C4F-3359-43E3-B83D-F1CFC06CE477}.Release|Any CPU.Build.0 = Release|Any CPU
	EndGlobalSection
	GlobalSection(SolutionProperties) = preSolution
		HideSolutionNode = FALSE
	EndGlobalSection
	GlobalSection(NestedProjects) = preSolution
		{823F27D9-3273-4A1F-8150-DE27BE8D14F6} = {CB5C4452-A084-4D45-BCEB-D19E32111CBF}
		{B5AA5DD2-4F81-4C0A-A1CF-795A4547C313} = {9D7D0716-745A-43CD-BC21-133619AFBA09}
		{4C77D764-288A-4D7F-A81E-C8B2C6C960CC} = {B5AA5DD2-4F81-4C0A-A1CF-795A4547C313}
		{25251C69-092D-4099-B10F-B66102A94F8B} = {B5AA5DD2-4F81-4C0A-A1CF-795A4547C313}
		{10F6C954-DDA5-4974-891E-2E58AAFBED57} = {B5AA5DD2-4F81-4C0A-A1CF-795A4547C313}
		{3EECC9DB-CDF9-4CF6-9FD9-50497673BCE5} = {10F6C954-DDA5-4974-891E-2E58AAFBED57}
		{9B7CEA4F-7E17-487D-801D-AC931C6D4683} = {B5AA5DD2-4F81-4C0A-A1CF-795A4547C313}
		{0DBE9D21-3065-4031-BD2E-7B626AC7A9F6} = {9D7D0716-745A-43CD-BC21-133619AFBA09}
		{0E23DFE2-B4EC-4403-A47A-0F77119B2F74} = {0DBE9D21-3065-4031-BD2E-7B626AC7A9F6}
		{21A269C8-DBC0-4C86-AE3F-8B70DDC0AA29} = {0DBE9D21-3065-4031-BD2E-7B626AC7A9F6}
		{626AB899-0636-4E7A-8727-3741C451412A} = {0DBE9D21-3065-4031-BD2E-7B626AC7A9F6}
		{A3020574-1E77-4FCF-AF6A-51FE24CF559C} = {0DBE9D21-3065-4031-BD2E-7B626AC7A9F6}
		{EC6D7C4F-3359-43E3-B83D-F1CFC06CE477} = {0E23DFE2-B4EC-4403-A47A-0F77119B2F74}
	EndGlobalSection
	GlobalSection(ExtensibilityGlobals) = postSolution
		SolutionGuid = {CDB282BD-23D5-4EE9-AD4E-BACB12E255E6}
	EndGlobalSection
EndGlobal
