
Microsoft Visual Studio Solution File, Format Version 12.00
# Visual Studio Version 17
VisualStudioVersion = 17.3.32929.385
MinimumVisualStudioVersion = 10.0.40219.1
Project("{2150E333-8FDC-42A3-9474-1A3956D46DE8}") = "Web", "Web", "{CB5C4452-A084-4D45-BCEB-D19E32111CBF}"
EndProject
Project("{9A19103F-16F7-4668-BE54-9A1E7A4F7556}") = "UI", "Web\UI\UI.csproj", "{823F27D9-3273-4A1F-8150-DE27BE8D14F6}"
EndProject
Project("{2150E333-8FDC-42A3-9474-1A3956D46DE8}") = "Services", "Services", "{9D7D0716-745A-43CD-BC21-133619AFBA09}"
EndProject
Project("{2150E333-8FDC-42A3-9474-1A3956D46DE8}") = "Recipies", "Recipies", "{830C68DA-2F87-4634-9945-F4AEF6FB187E}"
EndProject
Project("{2150E333-8FDC-42A3-9474-1A3956D46DE8}") = "Web", "Web", "{79BD1027-B3E3-429F-B616-858832F4C4D8}"
EndProject
Project("{9A19103F-16F7-4668-BE54-9A1E7A4F7556}") = "Serverless.Azure", "Services\Recipies\Web\Serverless.Azure\Serverless.Azure.csproj", "{E5B53ACC-C606-4D69-B4DF-BE3AC73BECFF}"
EndProject
Project("{9A19103F-16F7-4668-BE54-9A1E7A4F7556}") = "Application", "Services\Recipies\Application\Application.csproj", "{EC9CF72E-5EF9-4691-B74F-497DDE007486}"
EndProject
Project("{9A19103F-16F7-4668-BE54-9A1E7A4F7556}") = "Domain", "Services\Recipies\Domain\Domain.csproj", "{4B434F04-5854-4313-AD21-E1FD187D10B8}"
EndProject
Project("{2150E333-8FDC-42A3-9474-1A3956D46DE8}") = "ExternalSites", "ExternalSites", "{6222361F-A293-4EFA-966F-53A95B1EDE27}"
EndProject
Project("{2150E333-8FDC-42A3-9474-1A3956D46DE8}") = "Web", "Web", "{ACFBD9A0-EDA7-49DD-81A2-557CA9866882}"
EndProject
Project("{9A19103F-16F7-4668-BE54-9A1E7A4F7556}") = "Serverless.Azure", "Services\ExternalSites\Web\Serverless.Azure\Serverless.Azure.csproj", "{D4AC255F-E112-481F-90A8-D7C1E3A97830}"
EndProject
Project("{9A19103F-16F7-4668-BE54-9A1E7A4F7556}") = "Infrastructure", "Services\Recipies\Infrastructure\Infrastructure.csproj", "{1CE0BAD2-CC4F-4542-B7AC-79459B7FC6AF}"
EndProject
Project("{FAE04EC0-301F-11D3-BF4B-00C04F79EFBC}") = "Application", "Services\ExternalSites\Application\Application.csproj", "{D5E066DE-5E89-480A-8CAD-6D29411A571D}"
EndProject
Project("{FAE04EC0-301F-11D3-BF4B-00C04F79EFBC}") = "Domain", "Services\ExternalSites\Domain\Domain.csproj", "{3A6A6C39-24C5-42CC-B204-777116D33542}"
EndProject
Project("{FAE04EC0-301F-11D3-BF4B-00C04F79EFBC}") = "Infrastructure", "Services\ExternalSites\Infrastructure\Infrastructure.csproj", "{753A204A-0322-475E-9A3A-52312C9FC873}"
EndProject
Project("{2150E333-8FDC-42A3-9474-1A3956D46DE8}") = "Reviews", "Reviews", "{5B1434E6-0873-449B-A189-403708C3BF9E}"
EndProject
Project("{2150E333-8FDC-42A3-9474-1A3956D46DE8}") = "Web", "Web", "{87E02F59-7869-42C8-AD9C-5103DE292E61}"
EndProject
Project("{FAE04EC0-301F-11D3-BF4B-00C04F79EFBC}") = "Serverless.Azure", "Services\Reviews\Web\Serverless.Azure\Serverless.Azure.csproj", "{BE26EA6E-3D7B-43AF-8EE1-12F5FEC0C1DF}"
EndProject
Project("{FAE04EC0-301F-11D3-BF4B-00C04F79EFBC}") = "Application", "Services\Reviews\Application\Application.csproj", "{8E7653DB-DE2C-46BE-AC68-36614E9BF8C5}"
EndProject
Project("{FAE04EC0-301F-11D3-BF4B-00C04F79EFBC}") = "Infrastructure", "Services\Reviews\Infrastructure\Infrastructure.csproj", "{C5CEF6F6-7C6E-4082-9DFC-D0C83EACB0E7}"
EndProject
Project("{FAE04EC0-301F-11D3-BF4B-00C04F79EFBC}") = "Domain", "Services\Reviews\Domain\Domain.csproj", "{B31BABDA-3064-4ECD-8015-41B03D3CB9FF}"
EndProject
Project("{2150E333-8FDC-42A3-9474-1A3956D46DE8}") = "ExternalSitesFiller", "ExternalSitesFiller", "{51853300-D5A9-4125-8DAD-19AF94862B01}"
EndProject
Project("{2150E333-8FDC-42A3-9474-1A3956D46DE8}") = "Web", "Web", "{54C8735A-F5C6-42D3-9E52-7157F7A8620C}"
EndProject
Project("{FAE04EC0-301F-11D3-BF4B-00C04F79EFBC}") = "Serverless.Azure", "Services\ExternalSitesFiller\Web\Serverless.Azure\Serverless.Azure.csproj", "{E0CE35AA-07BB-4C7A-B70F-9E4F45E276F0}"
EndProject
Global
	GlobalSection(SolutionConfigurationPlatforms) = preSolution
		Debug|Any CPU = Debug|Any CPU
		Release|Any CPU = Release|Any CPU
	EndGlobalSection
	GlobalSection(ProjectConfigurationPlatforms) = postSolution
		{823F27D9-3273-4A1F-8150-DE27BE8D14F6}.Debug|Any CPU.ActiveCfg = Debug|Any CPU
		{823F27D9-3273-4A1F-8150-DE27BE8D14F6}.Debug|Any CPU.Build.0 = Debug|Any CPU
		{823F27D9-3273-4A1F-8150-DE27BE8D14F6}.Release|Any CPU.ActiveCfg = Release|Any CPU
		{823F27D9-3273-4A1F-8150-DE27BE8D14F6}.Release|Any CPU.Build.0 = Release|Any CPU
		{E5B53ACC-C606-4D69-B4DF-BE3AC73BECFF}.Debug|Any CPU.ActiveCfg = Debug|Any CPU
		{E5B53ACC-C606-4D69-B4DF-BE3AC73BECFF}.Debug|Any CPU.Build.0 = Debug|Any CPU
		{E5B53ACC-C606-4D69-B4DF-BE3AC73BECFF}.Release|Any CPU.ActiveCfg = Release|Any CPU
		{E5B53ACC-C606-4D69-B4DF-BE3AC73BECFF}.Release|Any CPU.Build.0 = Release|Any CPU
		{EC9CF72E-5EF9-4691-B74F-497DDE007486}.Debug|Any CPU.ActiveCfg = Debug|Any CPU
		{EC9CF72E-5EF9-4691-B74F-497DDE007486}.Debug|Any CPU.Build.0 = Debug|Any CPU
		{EC9CF72E-5EF9-4691-B74F-497DDE007486}.Release|Any CPU.ActiveCfg = Release|Any CPU
		{EC9CF72E-5EF9-4691-B74F-497DDE007486}.Release|Any CPU.Build.0 = Release|Any CPU
		{4B434F04-5854-4313-AD21-E1FD187D10B8}.Debug|Any CPU.ActiveCfg = Debug|Any CPU
		{4B434F04-5854-4313-AD21-E1FD187D10B8}.Debug|Any CPU.Build.0 = Debug|Any CPU
		{4B434F04-5854-4313-AD21-E1FD187D10B8}.Release|Any CPU.ActiveCfg = Release|Any CPU
		{4B434F04-5854-4313-AD21-E1FD187D10B8}.Release|Any CPU.Build.0 = Release|Any CPU
		{D4AC255F-E112-481F-90A8-D7C1E3A97830}.Debug|Any CPU.ActiveCfg = Debug|Any CPU
		{D4AC255F-E112-481F-90A8-D7C1E3A97830}.Debug|Any CPU.Build.0 = Debug|Any CPU
		{D4AC255F-E112-481F-90A8-D7C1E3A97830}.Release|Any CPU.ActiveCfg = Release|Any CPU
		{D4AC255F-E112-481F-90A8-D7C1E3A97830}.Release|Any CPU.Build.0 = Release|Any CPU
		{1CE0BAD2-CC4F-4542-B7AC-79459B7FC6AF}.Debug|Any CPU.ActiveCfg = Debug|Any CPU
		{1CE0BAD2-CC4F-4542-B7AC-79459B7FC6AF}.Debug|Any CPU.Build.0 = Debug|Any CPU
		{1CE0BAD2-CC4F-4542-B7AC-79459B7FC6AF}.Release|Any CPU.ActiveCfg = Release|Any CPU
		{1CE0BAD2-CC4F-4542-B7AC-79459B7FC6AF}.Release|Any CPU.Build.0 = Release|Any CPU
		{D5E066DE-5E89-480A-8CAD-6D29411A571D}.Debug|Any CPU.ActiveCfg = Debug|Any CPU
		{D5E066DE-5E89-480A-8CAD-6D29411A571D}.Debug|Any CPU.Build.0 = Debug|Any CPU
		{D5E066DE-5E89-480A-8CAD-6D29411A571D}.Release|Any CPU.ActiveCfg = Release|Any CPU
		{D5E066DE-5E89-480A-8CAD-6D29411A571D}.Release|Any CPU.Build.0 = Release|Any CPU
		{3A6A6C39-24C5-42CC-B204-777116D33542}.Debug|Any CPU.ActiveCfg = Debug|Any CPU
		{3A6A6C39-24C5-42CC-B204-777116D33542}.Debug|Any CPU.Build.0 = Debug|Any CPU
		{3A6A6C39-24C5-42CC-B204-777116D33542}.Release|Any CPU.ActiveCfg = Release|Any CPU
		{3A6A6C39-24C5-42CC-B204-777116D33542}.Release|Any CPU.Build.0 = Release|Any CPU
		{753A204A-0322-475E-9A3A-52312C9FC873}.Debug|Any CPU.ActiveCfg = Debug|Any CPU
		{753A204A-0322-475E-9A3A-52312C9FC873}.Debug|Any CPU.Build.0 = Debug|Any CPU
		{753A204A-0322-475E-9A3A-52312C9FC873}.Release|Any CPU.ActiveCfg = Release|Any CPU
		{753A204A-0322-475E-9A3A-52312C9FC873}.Release|Any CPU.Build.0 = Release|Any CPU
		{BE26EA6E-3D7B-43AF-8EE1-12F5FEC0C1DF}.Debug|Any CPU.ActiveCfg = Debug|Any CPU
		{BE26EA6E-3D7B-43AF-8EE1-12F5FEC0C1DF}.Debug|Any CPU.Build.0 = Debug|Any CPU
		{BE26EA6E-3D7B-43AF-8EE1-12F5FEC0C1DF}.Release|Any CPU.ActiveCfg = Release|Any CPU
		{BE26EA6E-3D7B-43AF-8EE1-12F5FEC0C1DF}.Release|Any CPU.Build.0 = Release|Any CPU
		{8E7653DB-DE2C-46BE-AC68-36614E9BF8C5}.Debug|Any CPU.ActiveCfg = Debug|Any CPU
		{8E7653DB-DE2C-46BE-AC68-36614E9BF8C5}.Debug|Any CPU.Build.0 = Debug|Any CPU
		{8E7653DB-DE2C-46BE-AC68-36614E9BF8C5}.Release|Any CPU.ActiveCfg = Release|Any CPU
		{8E7653DB-DE2C-46BE-AC68-36614E9BF8C5}.Release|Any CPU.Build.0 = Release|Any CPU
		{C5CEF6F6-7C6E-4082-9DFC-D0C83EACB0E7}.Debug|Any CPU.ActiveCfg = Debug|Any CPU
		{C5CEF6F6-7C6E-4082-9DFC-D0C83EACB0E7}.Debug|Any CPU.Build.0 = Debug|Any CPU
		{C5CEF6F6-7C6E-4082-9DFC-D0C83EACB0E7}.Release|Any CPU.ActiveCfg = Release|Any CPU
		{C5CEF6F6-7C6E-4082-9DFC-D0C83EACB0E7}.Release|Any CPU.Build.0 = Release|Any CPU
		{B31BABDA-3064-4ECD-8015-41B03D3CB9FF}.Debug|Any CPU.ActiveCfg = Debug|Any CPU
		{B31BABDA-3064-4ECD-8015-41B03D3CB9FF}.Debug|Any CPU.Build.0 = Debug|Any CPU
		{B31BABDA-3064-4ECD-8015-41B03D3CB9FF}.Release|Any CPU.ActiveCfg = Release|Any CPU
		{B31BABDA-3064-4ECD-8015-41B03D3CB9FF}.Release|Any CPU.Build.0 = Release|Any CPU
		{E0CE35AA-07BB-4C7A-B70F-9E4F45E276F0}.Debug|Any CPU.ActiveCfg = Debug|Any CPU
		{E0CE35AA-07BB-4C7A-B70F-9E4F45E276F0}.Debug|Any CPU.Build.0 = Debug|Any CPU
		{E0CE35AA-07BB-4C7A-B70F-9E4F45E276F0}.Release|Any CPU.ActiveCfg = Release|Any CPU
		{E0CE35AA-07BB-4C7A-B70F-9E4F45E276F0}.Release|Any CPU.Build.0 = Release|Any CPU
	EndGlobalSection
	GlobalSection(SolutionProperties) = preSolution
		HideSolutionNode = FALSE
	EndGlobalSection
	GlobalSection(NestedProjects) = preSolution
		{823F27D9-3273-4A1F-8150-DE27BE8D14F6} = {CB5C4452-A084-4D45-BCEB-D19E32111CBF}
		{830C68DA-2F87-4634-9945-F4AEF6FB187E} = {9D7D0716-745A-43CD-BC21-133619AFBA09}
		{79BD1027-B3E3-429F-B616-858832F4C4D8} = {830C68DA-2F87-4634-9945-F4AEF6FB187E}
		{E5B53ACC-C606-4D69-B4DF-BE3AC73BECFF} = {79BD1027-B3E3-429F-B616-858832F4C4D8}
		{EC9CF72E-5EF9-4691-B74F-497DDE007486} = {830C68DA-2F87-4634-9945-F4AEF6FB187E}
		{4B434F04-5854-4313-AD21-E1FD187D10B8} = {830C68DA-2F87-4634-9945-F4AEF6FB187E}
		{6222361F-A293-4EFA-966F-53A95B1EDE27} = {9D7D0716-745A-43CD-BC21-133619AFBA09}
		{ACFBD9A0-EDA7-49DD-81A2-557CA9866882} = {6222361F-A293-4EFA-966F-53A95B1EDE27}
		{D4AC255F-E112-481F-90A8-D7C1E3A97830} = {ACFBD9A0-EDA7-49DD-81A2-557CA9866882}
		{1CE0BAD2-CC4F-4542-B7AC-79459B7FC6AF} = {830C68DA-2F87-4634-9945-F4AEF6FB187E}
		{D5E066DE-5E89-480A-8CAD-6D29411A571D} = {6222361F-A293-4EFA-966F-53A95B1EDE27}
		{3A6A6C39-24C5-42CC-B204-777116D33542} = {6222361F-A293-4EFA-966F-53A95B1EDE27}
		{753A204A-0322-475E-9A3A-52312C9FC873} = {6222361F-A293-4EFA-966F-53A95B1EDE27}
		{5B1434E6-0873-449B-A189-403708C3BF9E} = {9D7D0716-745A-43CD-BC21-133619AFBA09}
		{87E02F59-7869-42C8-AD9C-5103DE292E61} = {5B1434E6-0873-449B-A189-403708C3BF9E}
		{BE26EA6E-3D7B-43AF-8EE1-12F5FEC0C1DF} = {87E02F59-7869-42C8-AD9C-5103DE292E61}
		{8E7653DB-DE2C-46BE-AC68-36614E9BF8C5} = {5B1434E6-0873-449B-A189-403708C3BF9E}
		{C5CEF6F6-7C6E-4082-9DFC-D0C83EACB0E7} = {5B1434E6-0873-449B-A189-403708C3BF9E}
		{B31BABDA-3064-4ECD-8015-41B03D3CB9FF} = {5B1434E6-0873-449B-A189-403708C3BF9E}
		{51853300-D5A9-4125-8DAD-19AF94862B01} = {9D7D0716-745A-43CD-BC21-133619AFBA09}
		{54C8735A-F5C6-42D3-9E52-7157F7A8620C} = {51853300-D5A9-4125-8DAD-19AF94862B01}
		{E0CE35AA-07BB-4C7A-B70F-9E4F45E276F0} = {54C8735A-F5C6-42D3-9E52-7157F7A8620C}
	EndGlobalSection
	GlobalSection(ExtensibilityGlobals) = postSolution
		SolutionGuid = {CDB282BD-23D5-4EE9-AD4E-BACB12E255E6}
	EndGlobalSection
EndGlobal
